
Microsoft Visual Studio Solution File, Format Version 12.00
# Visual Studio 15
VisualStudioVersion = 15.0.28307.421
MinimumVisualStudioVersion = 10.0.40219.1
Project("{FAE04EC0-301F-11D3-BF4B-00C04F79EFBC}") = "Account", "Account\Account.csproj", "{5A56F521-9FCC-45BE-8746-C561B222FD9F}"
EndProject
Project("{FAE04EC0-301F-11D3-BF4B-00C04F79EFBC}") = "TalBase", "TalBase\TalBase.csproj", "{685047C9-E63E-447D-BECC-569E66D0929F}"
EndProject
Project("{FAE04EC0-301F-11D3-BF4B-00C04F79EFBC}") = "Base", "Base\Base.csproj", "{05C86143-03BB-4584-9223-DFA12FCA60B2}"
EndProject
Project("{FAE04EC0-301F-11D3-BF4B-00C04F79EFBC}") = "Application", "Application\Application.csproj", "{5840A716-413E-4FE5-A764-46BD2F6E8181}"
EndProject
Project("{FAE04EC0-301F-11D3-BF4B-00C04F79EFBC}") = "Exercise", "Exercise\Exercise.csproj", "{5C2E67A9-1DFF-4966-87F2-0F0513C1AE26}"
EndProject
Project("{54435603-DBB4-11D2-8724-00A0C9A8B90C}") = "Setup", "Setup\Setup.vdproj", "{2DAE449D-AB62-4C9E-A0F1-94D803E80CC5}"
EndProject
Project("{FAE04EC0-301F-11D3-BF4B-00C04F79EFBC}") = "Saraff.Twain", "submodule\Saraff.Twain.NET\Saraff.Twain.csproj", "{658F9851-4D1C-4D57-904E-F9D7DA7F24FC}"
EndProject
Project("{FAE04EC0-301F-11D3-BF4B-00C04F79EFBC}") = "Service", "Service\Service.csproj", "{BC1053AD-C672-4EA0-A6B9-710A17A0AD48}"
EndProject
Project("{FAE04EC0-301F-11D3-BF4B-00C04F79EFBC}") = "Assistant", "Assistant\Assistant.csproj", "{E77C3405-4DEA-48F7-AE7D-A94A49458EAD}"
EndProject
Project("{FAE04EC0-301F-11D3-BF4B-00C04F79EFBC}") = "MessagePush", "MessagePush\MessagePush.csproj", "{597F5269-D3D1-4DCF-8EA4-3C7AC97D23C6}"
EndProject
Project("{FAE04EC0-301F-11D3-BF4B-00C04F79EFBC}") = "Panuon.UI", "submodule\PanuonUI\Panuon.UI\Panuon.UI.csproj", "{72B3698E-1784-4101-99AE-FC7B8F48E96D}"
EndProject
Global
	GlobalSection(SolutionConfigurationPlatforms) = preSolution
		Debug|Any CPU = Debug|Any CPU
		Debug|x86 = Debug|x86
		Release|Any CPU = Release|Any CPU
		Release|x86 = Release|x86
	EndGlobalSection
	GlobalSection(ProjectConfigurationPlatforms) = postSolution
		{5A56F521-9FCC-45BE-8746-C561B222FD9F}.Debug|Any CPU.ActiveCfg = Debug|Any CPU
		{5A56F521-9FCC-45BE-8746-C561B222FD9F}.Debug|Any CPU.Build.0 = Debug|Any CPU
		{5A56F521-9FCC-45BE-8746-C561B222FD9F}.Debug|x86.ActiveCfg = Debug|Any CPU
		{5A56F521-9FCC-45BE-8746-C561B222FD9F}.Debug|x86.Build.0 = Debug|Any CPU
		{5A56F521-9FCC-45BE-8746-C561B222FD9F}.Release|Any CPU.ActiveCfg = Release|Any CPU
		{5A56F521-9FCC-45BE-8746-C561B222FD9F}.Release|Any CPU.Build.0 = Release|Any CPU
		{5A56F521-9FCC-45BE-8746-C561B222FD9F}.Release|x86.ActiveCfg = Release|x86
		{5A56F521-9FCC-45BE-8746-C561B222FD9F}.Release|x86.Build.0 = Release|x86
		{685047C9-E63E-447D-BECC-569E66D0929F}.Debug|Any CPU.ActiveCfg = Debug|Any CPU
		{685047C9-E63E-447D-BECC-569E66D0929F}.Debug|Any CPU.Build.0 = Debug|Any CPU
		{685047C9-E63E-447D-BECC-569E66D0929F}.Debug|x86.ActiveCfg = Debug|Any CPU
		{685047C9-E63E-447D-BECC-569E66D0929F}.Debug|x86.Build.0 = Debug|Any CPU
		{685047C9-E63E-447D-BECC-569E66D0929F}.Release|Any CPU.ActiveCfg = Release|Any CPU
		{685047C9-E63E-447D-BECC-569E66D0929F}.Release|Any CPU.Build.0 = Release|Any CPU
		{685047C9-E63E-447D-BECC-569E66D0929F}.Release|x86.ActiveCfg = Release|x86
		{685047C9-E63E-447D-BECC-569E66D0929F}.Release|x86.Build.0 = Release|x86
		{05C86143-03BB-4584-9223-DFA12FCA60B2}.Debug|Any CPU.ActiveCfg = Debug|Any CPU
		{05C86143-03BB-4584-9223-DFA12FCA60B2}.Debug|Any CPU.Build.0 = Debug|Any CPU
		{05C86143-03BB-4584-9223-DFA12FCA60B2}.Debug|x86.ActiveCfg = Debug|Any CPU
		{05C86143-03BB-4584-9223-DFA12FCA60B2}.Debug|x86.Build.0 = Debug|Any CPU
		{05C86143-03BB-4584-9223-DFA12FCA60B2}.Release|Any CPU.ActiveCfg = Release|Any CPU
		{05C86143-03BB-4584-9223-DFA12FCA60B2}.Release|Any CPU.Build.0 = Release|Any CPU
		{05C86143-03BB-4584-9223-DFA12FCA60B2}.Release|x86.ActiveCfg = Release|x86
		{05C86143-03BB-4584-9223-DFA12FCA60B2}.Release|x86.Build.0 = Release|x86
		{5840A716-413E-4FE5-A764-46BD2F6E8181}.Debug|Any CPU.ActiveCfg = Debug|Any CPU
		{5840A716-413E-4FE5-A764-46BD2F6E8181}.Debug|Any CPU.Build.0 = Debug|Any CPU
		{5840A716-413E-4FE5-A764-46BD2F6E8181}.Debug|x86.ActiveCfg = Debug|x86
		{5840A716-413E-4FE5-A764-46BD2F6E8181}.Debug|x86.Build.0 = Debug|x86
		{5840A716-413E-4FE5-A764-46BD2F6E8181}.Release|Any CPU.ActiveCfg = Release|Any CPU
		{5840A716-413E-4FE5-A764-46BD2F6E8181}.Release|Any CPU.Build.0 = Release|Any CPU
		{5840A716-413E-4FE5-A764-46BD2F6E8181}.Release|x86.ActiveCfg = Release|x86
		{5840A716-413E-4FE5-A764-46BD2F6E8181}.Release|x86.Build.0 = Release|x86
		{5C2E67A9-1DFF-4966-87F2-0F0513C1AE26}.Debug|Any CPU.ActiveCfg = Debug|Any CPU
		{5C2E67A9-1DFF-4966-87F2-0F0513C1AE26}.Debug|Any CPU.Build.0 = Debug|Any CPU
		{5C2E67A9-1DFF-4966-87F2-0F0513C1AE26}.Debug|x86.ActiveCfg = Debug|Any CPU
		{5C2E67A9-1DFF-4966-87F2-0F0513C1AE26}.Debug|x86.Build.0 = Debug|Any CPU
		{5C2E67A9-1DFF-4966-87F2-0F0513C1AE26}.Release|Any CPU.ActiveCfg = Release|Any CPU
		{5C2E67A9-1DFF-4966-87F2-0F0513C1AE26}.Release|Any CPU.Build.0 = Release|Any CPU
		{5C2E67A9-1DFF-4966-87F2-0F0513C1AE26}.Release|x86.ActiveCfg = Release|x86
		{5C2E67A9-1DFF-4966-87F2-0F0513C1AE26}.Release|x86.Build.0 = Release|x86
		{2DAE449D-AB62-4C9E-A0F1-94D803E80CC5}.Debug|Any CPU.ActiveCfg = Debug
		{2DAE449D-AB62-4C9E-A0F1-94D803E80CC5}.Debug|Any CPU.Build.0 = Debug
		{2DAE449D-AB62-4C9E-A0F1-94D803E80CC5}.Debug|x86.ActiveCfg = Debug
		{2DAE449D-AB62-4C9E-A0F1-94D803E80CC5}.Debug|x86.Build.0 = Debug
		{2DAE449D-AB62-4C9E-A0F1-94D803E80CC5}.Release|Any CPU.ActiveCfg = Release
		{2DAE449D-AB62-4C9E-A0F1-94D803E80CC5}.Release|Any CPU.Build.0 = Release
		{2DAE449D-AB62-4C9E-A0F1-94D803E80CC5}.Release|x86.ActiveCfg = Release
		{2DAE449D-AB62-4C9E-A0F1-94D803E80CC5}.Release|x86.Build.0 = Release
		{658F9851-4D1C-4D57-904E-F9D7DA7F24FC}.Debug|Any CPU.ActiveCfg = Debug|Any CPU
		{658F9851-4D1C-4D57-904E-F9D7DA7F24FC}.Debug|Any CPU.Build.0 = Debug|Any CPU
		{658F9851-4D1C-4D57-904E-F9D7DA7F24FC}.Debug|x86.ActiveCfg = Debug|Any CPU
		{658F9851-4D1C-4D57-904E-F9D7DA7F24FC}.Debug|x86.Build.0 = Debug|Any CPU
		{658F9851-4D1C-4D57-904E-F9D7DA7F24FC}.Release|Any CPU.ActiveCfg = Release|Any CPU
		{658F9851-4D1C-4D57-904E-F9D7DA7F24FC}.Release|Any CPU.Build.0 = Release|Any CPU
		{658F9851-4D1C-4D57-904E-F9D7DA7F24FC}.Release|x86.ActiveCfg = Release|Any CPU
		{658F9851-4D1C-4D57-904E-F9D7DA7F24FC}.Release|x86.Build.0 = Release|Any CPU
		{BC1053AD-C672-4EA0-A6B9-710A17A0AD48}.Debug|Any CPU.ActiveCfg = Debug|Any CPU
		{BC1053AD-C672-4EA0-A6B9-710A17A0AD48}.Debug|Any CPU.Build.0 = Debug|Any CPU
		{BC1053AD-C672-4EA0-A6B9-710A17A0AD48}.Debug|x86.ActiveCfg = Debug|Any CPU
		{BC1053AD-C672-4EA0-A6B9-710A17A0AD48}.Debug|x86.Build.0 = Debug|Any CPU
		{BC1053AD-C672-4EA0-A6B9-710A17A0AD48}.Release|Any CPU.ActiveCfg = Release|Any CPU
		{BC1053AD-C672-4EA0-A6B9-710A17A0AD48}.Release|Any CPU.Build.0 = Release|Any CPU
		{BC1053AD-C672-4EA0-A6B9-710A17A0AD48}.Release|x86.ActiveCfg = Release|x86
		{BC1053AD-C672-4EA0-A6B9-710A17A0AD48}.Release|x86.Build.0 = Release|x86
		{E77C3405-4DEA-48F7-AE7D-A94A49458EAD}.Debug|Any CPU.ActiveCfg = Debug|Any CPU
		{E77C3405-4DEA-48F7-AE7D-A94A49458EAD}.Debug|Any CPU.Build.0 = Debug|Any CPU
		{E77C3405-4DEA-48F7-AE7D-A94A49458EAD}.Debug|x86.ActiveCfg = Debug|Any CPU
		{E77C3405-4DEA-48F7-AE7D-A94A49458EAD}.Debug|x86.Build.0 = Debug|Any CPU
		{E77C3405-4DEA-48F7-AE7D-A94A49458EAD}.Release|Any CPU.ActiveCfg = Release|Any CPU
		{E77C3405-4DEA-48F7-AE7D-A94A49458EAD}.Release|Any CPU.Build.0 = Release|Any CPU
		{E77C3405-4DEA-48F7-AE7D-A94A49458EAD}.Release|x86.ActiveCfg = Release|Any CPU
		{E77C3405-4DEA-48F7-AE7D-A94A49458EAD}.Release|x86.Build.0 = Release|Any CPU
		{597F5269-D3D1-4DCF-8EA4-3C7AC97D23C6}.Debug|Any CPU.ActiveCfg = Debug|Any CPU
		{597F5269-D3D1-4DCF-8EA4-3C7AC97D23C6}.Debug|Any CPU.Build.0 = Debug|Any CPU
		{597F5269-D3D1-4DCF-8EA4-3C7AC97D23C6}.Debug|x86.ActiveCfg = Debug|Any CPU
		{597F5269-D3D1-4DCF-8EA4-3C7AC97D23C6}.Debug|x86.Build.0 = Debug|Any CPU
		{597F5269-D3D1-4DCF-8EA4-3C7AC97D23C6}.Release|Any CPU.ActiveCfg = Release|Any CPU
		{597F5269-D3D1-4DCF-8EA4-3C7AC97D23C6}.Release|Any CPU.Build.0 = Release|Any CPU
		{597F5269-D3D1-4DCF-8EA4-3C7AC97D23C6}.Release|x86.ActiveCfg = Release|Any CPU
		{597F5269-D3D1-4DCF-8EA4-3C7AC97D23C6}.Release|x86.Build.0 = Release|Any CPU
		{72B3698E-1784-4101-99AE-FC7B8F48E96D}.Debug|Any CPU.ActiveCfg = Debug|Any CPU
		{72B3698E-1784-4101-99AE-FC7B8F48E96D}.Debug|Any CPU.Build.0 = Debug|Any CPU
		{72B3698E-1784-4101-99AE-FC7B8F48E96D}.Debug|x86.ActiveCfg = Debug|x86
		{72B3698E-1784-4101-99AE-FC7B8F48E96D}.Debug|x86.Build.0 = Debug|x86
		{72B3698E-1784-4101-99AE-FC7B8F48E96D}.Release|Any CPU.ActiveCfg = Release|Any CPU
		{72B3698E-1784-4101-99AE-FC7B8F48E96D}.Release|Any CPU.Build.0 = Release|Any CPU
		{72B3698E-1784-4101-99AE-FC7B8F48E96D}.Release|x86.ActiveCfg = Release|x86
		{72B3698E-1784-4101-99AE-FC7B8F48E96D}.Release|x86.Build.0 = Release|x86
	EndGlobalSection
	GlobalSection(SolutionProperties) = preSolution
		HideSolutionNode = FALSE
	EndGlobalSection
	GlobalSection(ExtensibilityGlobals) = postSolution
		SolutionGuid = {F49D0B6E-26A8-4351-A569-28417A5C808A}
	EndGlobalSection
EndGlobal
