
Microsoft Visual Studio Solution File, Format Version 12.00
# Visual Studio 15
VisualStudioVersion = 15.0.28307.421
MinimumVisualStudioVersion = 10.0.40219.1
Project("{FAE04EC0-301F-11D3-BF4B-00C04F79EFBC}") = "Exercise", "Exercise\Exercise.csproj", "{11351FBD-66EC-49C0-823B-D2228868639D}"
	ProjectSection(ProjectDependencies) = postProject
		{2F6A6A39-EED7-4DBA-A62C-CBDF3CE0F1BC} = {2F6A6A39-EED7-4DBA-A62C-CBDF3CE0F1BC}
		{7DF8007B-9234-4414-8DFE-5FE07C9A970B} = {7DF8007B-9234-4414-8DFE-5FE07C9A970B}
		{CE4A2DA6-A065-4F02-8AE1-B788E57AEF09} = {CE4A2DA6-A065-4F02-8AE1-B788E57AEF09}
	EndProjectSection
EndProject
Project("{FAE04EC0-301F-11D3-BF4B-00C04F79EFBC}") = "Account", "Account\Account.csproj", "{7DF8007B-9234-4414-8DFE-5FE07C9A970B}"
EndProject
Project("{FAE04EC0-301F-11D3-BF4B-00C04F79EFBC}") = "Base", "Base\Base.csproj", "{2F6A6A39-EED7-4DBA-A62C-CBDF3CE0F1BC}"
EndProject
Project("{FAE04EC0-301F-11D3-BF4B-00C04F79EFBC}") = "TalBase", "TalBase\TalBase.csproj", "{CE4A2DA6-A065-4F02-8AE1-B788E57AEF09}"
EndProject
Global
	GlobalSection(SolutionConfigurationPlatforms) = preSolution
		Debug|Any CPU = Debug|Any CPU
		Debug|x86 = Debug|x86
		Release|Any CPU = Release|Any CPU
		Release|x86 = Release|x86
	EndGlobalSection
	GlobalSection(ProjectConfigurationPlatforms) = postSolution
		{11351FBD-66EC-49C0-823B-D2228868639D}.Debug|Any CPU.ActiveCfg = Debug|Any CPU
		{11351FBD-66EC-49C0-823B-D2228868639D}.Debug|Any CPU.Build.0 = Debug|Any CPU
		{11351FBD-66EC-49C0-823B-D2228868639D}.Debug|x86.ActiveCfg = Debug|x86
		{11351FBD-66EC-49C0-823B-D2228868639D}.Debug|x86.Build.0 = Debug|x86
		{11351FBD-66EC-49C0-823B-D2228868639D}.Release|Any CPU.ActiveCfg = Release|Any CPU
		{11351FBD-66EC-49C0-823B-D2228868639D}.Release|Any CPU.Build.0 = Release|Any CPU
		{11351FBD-66EC-49C0-823B-D2228868639D}.Release|x86.ActiveCfg = Release|x86
		{11351FBD-66EC-49C0-823B-D2228868639D}.Release|x86.Build.0 = Release|x86
		{7DF8007B-9234-4414-8DFE-5FE07C9A970B}.Debug|Any CPU.ActiveCfg = Debug|Any CPU
		{7DF8007B-9234-4414-8DFE-5FE07C9A970B}.Debug|Any CPU.Build.0 = Debug|Any CPU
		{7DF8007B-9234-4414-8DFE-5FE07C9A970B}.Debug|x86.ActiveCfg = Debug|Any CPU
		{7DF8007B-9234-4414-8DFE-5FE07C9A970B}.Debug|x86.Build.0 = Debug|Any CPU
		{7DF8007B-9234-4414-8DFE-5FE07C9A970B}.Release|Any CPU.ActiveCfg = Release|Any CPU
		{7DF8007B-9234-4414-8DFE-5FE07C9A970B}.Release|Any CPU.Build.0 = Release|Any CPU
		{7DF8007B-9234-4414-8DFE-5FE07C9A970B}.Release|x86.ActiveCfg = Release|Any CPU
		{7DF8007B-9234-4414-8DFE-5FE07C9A970B}.Release|x86.Build.0 = Release|Any CPU
		{2F6A6A39-EED7-4DBA-A62C-CBDF3CE0F1BC}.Debug|Any CPU.ActiveCfg = Debug|Any CPU
		{2F6A6A39-EED7-4DBA-A62C-CBDF3CE0F1BC}.Debug|Any CPU.Build.0 = Debug|Any CPU
		{2F6A6A39-EED7-4DBA-A62C-CBDF3CE0F1BC}.Debug|x86.ActiveCfg = Debug|Any CPU
		{2F6A6A39-EED7-4DBA-A62C-CBDF3CE0F1BC}.Debug|x86.Build.0 = Debug|Any CPU
		{2F6A6A39-EED7-4DBA-A62C-CBDF3CE0F1BC}.Release|Any CPU.ActiveCfg = Release|Any CPU
		{2F6A6A39-EED7-4DBA-A62C-CBDF3CE0F1BC}.Release|Any CPU.Build.0 = Release|Any CPU
		{2F6A6A39-EED7-4DBA-A62C-CBDF3CE0F1BC}.Release|x86.ActiveCfg = Release|Any CPU
		{2F6A6A39-EED7-4DBA-A62C-CBDF3CE0F1BC}.Release|x86.Build.0 = Release|Any CPU
		{CE4A2DA6-A065-4F02-8AE1-B788E57AEF09}.Debug|Any CPU.ActiveCfg = Debug|Any CPU
		{CE4A2DA6-A065-4F02-8AE1-B788E57AEF09}.Debug|Any CPU.Build.0 = Debug|Any CPU
		{CE4A2DA6-A065-4F02-8AE1-B788E57AEF09}.Debug|x86.ActiveCfg = Debug|Any CPU
		{CE4A2DA6-A065-4F02-8AE1-B788E57AEF09}.Debug|x86.Build.0 = Debug|Any CPU
		{CE4A2DA6-A065-4F02-8AE1-B788E57AEF09}.Release|Any CPU.ActiveCfg = Release|Any CPU
		{CE4A2DA6-A065-4F02-8AE1-B788E57AEF09}.Release|Any CPU.Build.0 = Release|Any CPU
		{CE4A2DA6-A065-4F02-8AE1-B788E57AEF09}.Release|x86.ActiveCfg = Release|Any CPU
		{CE4A2DA6-A065-4F02-8AE1-B788E57AEF09}.Release|x86.Build.0 = Release|Any CPU
	EndGlobalSection
	GlobalSection(SolutionProperties) = preSolution
		HideSolutionNode = FALSE
	EndGlobalSection
	GlobalSection(ExtensibilityGlobals) = postSolution
		SolutionGuid = {4A6D7B59-A395-4C66-914B-F0AD3796678B}
	EndGlobalSection
EndGlobal
